
Microsoft Visual Studio Solution File, Format Version 12.00
# Visual Studio Version 17
VisualStudioVersion = 17.5.33516.290
MinimumVisualStudioVersion = 10.0.40219.1
Project("{FAE04EC0-301F-11D3-BF4B-00C04F79EFBC}") = "ChessGame", "TicTacToe\ChessGame.csproj", "{BD4CED3F-A196-4B33-85CA-2DCA0E9FF97B}"
EndProject
Global
	GlobalSection(SolutionConfigurationPlatforms) = preSolution
		Debug|Any CPU = Debug|Any CPU
		Release|Any CPU = Release|Any CPU
	EndGlobalSection
	GlobalSection(ProjectConfigurationPlatforms) = postSolution
		{BD4CED3F-A196-4B33-85CA-2DCA0E9FF97B}.Debug|Any CPU.ActiveCfg = Debug|Any CPU
		{BD4CED3F-A196-4B33-85CA-2DCA0E9FF97B}.Debug|Any CPU.Build.0 = Debug|Any CPU
		{BD4CED3F-A196-4B33-85CA-2DCA0E9FF97B}.Release|Any CPU.ActiveCfg = Release|Any CPU
		{BD4CED3F-A196-4B33-85CA-2DCA0E9FF97B}.Release|Any CPU.Build.0 = Release|Any CPU
	EndGlobalSection
	GlobalSection(SolutionProperties) = preSolution
		HideSolutionNode = FALSE
	EndGlobalSection
	GlobalSection(ExtensibilityGlobals) = postSolution
		SolutionGuid = {10B85FE9-7B2E-42E9-95E3-7A123675AE9E}
	EndGlobalSection
EndGlobal
